
Microsoft Visual Studio Solution File, Format Version 12.00
# Visual Studio Version 17
VisualStudioVersion = 17.9.34714.143
MinimumVisualStudioVersion = 10.0.40219.1
Project("{FAE04EC0-301F-11D3-BF4B-00C04F79EFBC}") = "StudentRecordSystem", "StudentRecordSystem\StudentRecordSystem.csproj", "{2AA505A1-E7D5-4FD3-A484-9F0A5CD04B97}"
EndProject
Global
	GlobalSection(SolutionConfigurationPlatforms) = preSolution
		Debug|Any CPU = Debug|Any CPU
		Release|Any CPU = Release|Any CPU
	EndGlobalSection
	GlobalSection(ProjectConfigurationPlatforms) = postSolution
		{2AA505A1-E7D5-4FD3-A484-9F0A5CD04B97}.Debug|Any CPU.ActiveCfg = Debug|Any CPU
		{2AA505A1-E7D5-4FD3-A484-9F0A5CD04B97}.Debug|Any CPU.Build.0 = Debug|Any CPU
		{2AA505A1-E7D5-4FD3-A484-9F0A5CD04B97}.Release|Any CPU.ActiveCfg = Release|Any CPU
		{2AA505A1-E7D5-4FD3-A484-9F0A5CD04B97}.Release|Any CPU.Build.0 = Release|Any CPU
	EndGlobalSection
	GlobalSection(SolutionProperties) = preSolution
		HideSolutionNode = FALSE
	EndGlobalSection
	GlobalSection(ExtensibilityGlobals) = postSolution
		SolutionGuid = {B2937B5F-FE77-4A57-8ED2-98C8EDDA742B}
	EndGlobalSection
EndGlobal
